
Microsoft Visual Studio Solution File, Format Version 12.00
# Visual Studio 15
VisualStudioVersion = 15.0.26730.15
MinimumVisualStudioVersion = 10.0.40219.1
Project("{FAE04EC0-301F-11D3-BF4B-00C04F79EFBC}") = "Cognitive_Newbie", "Cognitive_Newbie\Cognitive_Newbie.csproj", "{A0692626-235C-44C8-A4C1-BEE41ED1FA9C}"
EndProject
Global
	GlobalSection(SolutionConfigurationPlatforms) = preSolution
		Debug|Any CPU = Debug|Any CPU
		Release|Any CPU = Release|Any CPU
	EndGlobalSection
	GlobalSection(ProjectConfigurationPlatforms) = postSolution
		{A0692626-235C-44C8-A4C1-BEE41ED1FA9C}.Debug|Any CPU.ActiveCfg = Debug|Any CPU
		{A0692626-235C-44C8-A4C1-BEE41ED1FA9C}.Debug|Any CPU.Build.0 = Debug|Any CPU
		{A0692626-235C-44C8-A4C1-BEE41ED1FA9C}.Release|Any CPU.ActiveCfg = Release|Any CPU
		{A0692626-235C-44C8-A4C1-BEE41ED1FA9C}.Release|Any CPU.Build.0 = Release|Any CPU
	EndGlobalSection
	GlobalSection(SolutionProperties) = preSolution
		HideSolutionNode = FALSE
	EndGlobalSection
	GlobalSection(ExtensibilityGlobals) = postSolution
		SolutionGuid = {A140F46F-5425-4C88-9656-25BAFBBE11F9}
	EndGlobalSection
EndGlobal
